{
  "object": {
    "pins": [
      {
        "package": "CoffeeToast",
        "repositoryURL": "https://github.com/maeganwilson/CoffeeToast",
        "state": {
          "branch": null,
          "revision": "479ac368e4164fa9887a88c44546dbe2a6a35ea8",
          "version": "1.0.0"
        }
      },
      {
        "package": "OctoKit",
        "repositoryURL": "https://github.com/nerdishbynature/octokit.swift",
        "state": {
          "branch": null,
          "revision": "9521cdff919053868ab13cd08a228f7bc1bde2a9",
          "version": "0.11.0"
        }
      },
      {
        "package": "Purchases",
        "repositoryURL": "https://github.com/RevenueCat/purchases-ios.git",
        "state": {
          "branch": null,
          "revision": "ed2b2a1cc72ad1d80dd8e7de187eaf9ff62a8eae",
          "version": "3.14.0"
        }
      },
      {
        "package": "RequestKit",
        "repositoryURL": "https://github.com/nerdishbynature/RequestKit.git",
        "state": {
          "branch": null,
          "revision": "fd5e9e99aada7432170366c9e95967011ce13bad",
          "version": "2.4.0"
        }
      }
    ]
  },
  "version": 1
}
