// !$*UTF8*$!
{
	archiveVersion = 1;
	classes = {
	};
	objectVersion = 50;
	objects = {

/* Begin PBXBuildFile section */
		15DA2677251237D60063E236 /* iHogApp.swift in Sources */ = {isa = PBXBuildFile; fileRef = 15DA2676251237D60063E236 /* iHogApp.swift */; };
		15DA2679251237D60063E236 /* ContentView.swift in Sources */ = {isa = PBXBuildFile; fileRef = 15DA2678251237D60063E236 /* ContentView.swift */; };
		15DA267B251237D70063E236 /* Assets.xcassets in Resources */ = {isa = PBXBuildFile; fileRef = 15DA267A251237D70063E236 /* Assets.xcassets */; };
		15DA267E251237D70063E236 /* Preview Assets.xcassets in Resources */ = {isa = PBXBuildFile; fileRef = 15DA267D251237D70063E236 /* Preview Assets.xcassets */; };
		15DA2680251237D70063E236 /* Persistence.swift in Sources */ = {isa = PBXBuildFile; fileRef = 15DA267F251237D70063E236 /* Persistence.swift */; };
		15DA2683251237D70063E236 /* iHog.xcdatamodeld in Sources */ = {isa = PBXBuildFile; fileRef = 15DA2681251237D70063E236 /* iHog.xcdatamodeld */; };
		15DA268E251237D70063E236 /* iHogTests.swift in Sources */ = {isa = PBXBuildFile; fileRef = 15DA268D251237D70063E236 /* iHogTests.swift */; };
		15DA2699251237D70063E236 /* iHogUITests.swift in Sources */ = {isa = PBXBuildFile; fileRef = 15DA2698251237D70063E236 /* iHogUITests.swift */; };
/* End PBXBuildFile section */

/* Begin PBXContainerItemProxy section */
		15DA268A251237D70063E236 /* PBXContainerItemProxy */ = {
			isa = PBXContainerItemProxy;
			containerPortal = 15DA266B251237D60063E236 /* Project object */;
			proxyType = 1;
			remoteGlobalIDString = 15DA2672251237D60063E236;
			remoteInfo = iHog;
		};
		15DA2695251237D70063E236 /* PBXContainerItemProxy */ = {
			isa = PBXContainerItemProxy;
			containerPortal = 15DA266B251237D60063E236 /* Project object */;
			proxyType = 1;
			remoteGlobalIDString = 15DA2672251237D60063E236;
			remoteInfo = iHog;
		};
/* End PBXContainerItemProxy section */

/* Begin PBXFileReference section */
		15DA2673251237D60063E236 /* iHog.app */ = {isa = PBXFileReference; explicitFileType = wrapper.application; includeInIndex = 0; path = iHog.app; sourceTree = BUILT_PRODUCTS_DIR; };
		15DA2676251237D60063E236 /* iHogApp.swift */ = {isa = PBXFileReference; lastKnownFileType = sourcecode.swift; path = iHogApp.swift; sourceTree = "<group>"; };
		15DA2678251237D60063E236 /* ContentView.swift */ = {isa = PBXFileReference; lastKnownFileType = sourcecode.swift; path = ContentView.swift; sourceTree = "<group>"; };
		15DA267A251237D70063E236 /* Assets.xcassets */ = {isa = PBXFileReference; lastKnownFileType = folder.assetcatalog; path = Assets.xcassets; sourceTree = "<group>"; };
		15DA267D251237D70063E236 /* Preview Assets.xcassets */ = {isa = PBXFileReference; lastKnownFileType = folder.assetcatalog; path = "Preview Assets.xcassets"; sourceTree = "<group>"; };
		15DA267F251237D70063E236 /* Persistence.swift */ = {isa = PBXFileReference; lastKnownFileType = sourcecode.swift; path = Persistence.swift; sourceTree = "<group>"; };
		15DA2682251237D70063E236 /* iHog.xcdatamodel */ = {isa = PBXFileReference; lastKnownFileType = wrapper.xcdatamodel; path = iHog.xcdatamodel; sourceTree = "<group>"; };
		15DA2684251237D70063E236 /* Info.plist */ = {isa = PBXFileReference; lastKnownFileType = text.plist.xml; path = Info.plist; sourceTree = "<group>"; };
		15DA2689251237D70063E236 /* iHogTests.xctest */ = {isa = PBXFileReference; explicitFileType = wrapper.cfbundle; includeInIndex = 0; path = iHogTests.xctest; sourceTree = BUILT_PRODUCTS_DIR; };
		15DA268D251237D70063E236 /* iHogTests.swift */ = {isa = PBXFileReference; lastKnownFileType = sourcecode.swift; path = iHogTests.swift; sourceTree = "<group>"; };
		15DA268F251237D70063E236 /* Info.plist */ = {isa = PBXFileReference; lastKnownFileType = text.plist.xml; path = Info.plist; sourceTree = "<group>"; };
		15DA2694251237D70063E236 /* iHogUITests.xctest */ = {isa = PBXFileReference; explicitFileType = wrapper.cfbundle; includeInIndex = 0; path = iHogUITests.xctest; sourceTree = BUILT_PRODUCTS_DIR; };
		15DA2698251237D70063E236 /* iHogUITests.swift */ = {isa = PBXFileReference; lastKnownFileType = sourcecode.swift; path = iHogUITests.swift; sourceTree = "<group>"; };
		15DA269A251237D70063E236 /* Info.plist */ = {isa = PBXFileReference; lastKnownFileType = text.plist.xml; path = Info.plist; sourceTree = "<group>"; };
/* End PBXFileReference section */

/* Begin PBXFrameworksBuildPhase section */
		15DA2670251237D60063E236 /* Frameworks */ = {
			isa = PBXFrameworksBuildPhase;
			buildActionMask = 2147483647;
			files = (
			);
			runOnlyForDeploymentPostprocessing = 0;
		};
		15DA2686251237D70063E236 /* Frameworks */ = {
			isa = PBXFrameworksBuildPhase;
			buildActionMask = 2147483647;
			files = (
			);
			runOnlyForDeploymentPostprocessing = 0;
		};
		15DA2691251237D70063E236 /* Frameworks */ = {
			isa = PBXFrameworksBuildPhase;
			buildActionMask = 2147483647;
			files = (
			);
			runOnlyForDeploymentPostprocessing = 0;
		};
/* End PBXFrameworksBuildPhase section */

/* Begin PBXGroup section */
		15DA266A251237D60063E236 = {
			isa = PBXGroup;
			children = (
				15DA2675251237D60063E236 /* iHog */,
				15DA268C251237D70063E236 /* iHogTests */,
				15DA2697251237D70063E236 /* iHogUITests */,
				15DA2674251237D60063E236 /* Products */,
			);
			sourceTree = "<group>";
		};
		15DA2674251237D60063E236 /* Products */ = {
			isa = PBXGroup;
			children = (
				15DA2673251237D60063E236 /* iHog.app */,
				15DA2689251237D70063E236 /* iHogTests.xctest */,
				15DA2694251237D70063E236 /* iHogUITests.xctest */,
			);
			name = Products;
			sourceTree = "<group>";
		};
		15DA2675251237D60063E236 /* iHog */ = {
			isa = PBXGroup;
			children = (
				15DA2676251237D60063E236 /* iHogApp.swift */,
				15DA2678251237D60063E236 /* ContentView.swift */,
				15DA267A251237D70063E236 /* Assets.xcassets */,
				15DA267F251237D70063E236 /* Persistence.swift */,
				15DA2684251237D70063E236 /* Info.plist */,
				15DA2681251237D70063E236 /* iHog.xcdatamodeld */,
				15DA267C251237D70063E236 /* Preview Content */,
			);
			path = iHog;
			sourceTree = "<group>";
		};
		15DA267C251237D70063E236 /* Preview Content */ = {
			isa = PBXGroup;
			children = (
				15DA267D251237D70063E236 /* Preview Assets.xcassets */,
			);
			path = "Preview Content";
			sourceTree = "<group>";
		};
		15DA268C251237D70063E236 /* iHogTests */ = {
			isa = PBXGroup;
			children = (
				15DA268D251237D70063E236 /* iHogTests.swift */,
				15DA268F251237D70063E236 /* Info.plist */,
			);
			path = iHogTests;
			sourceTree = "<group>";
		};
		15DA2697251237D70063E236 /* iHogUITests */ = {
			isa = PBXGroup;
			children = (
				15DA2698251237D70063E236 /* iHogUITests.swift */,
				15DA269A251237D70063E236 /* Info.plist */,
			);
			path = iHogUITests;
			sourceTree = "<group>";
		};
/* End PBXGroup section */

/* Begin PBXNativeTarget section */
		15DA2672251237D60063E236 /* iHog */ = {
			isa = PBXNativeTarget;
			buildConfigurationList = 15DA269D251237D70063E236 /* Build configuration list for PBXNativeTarget "iHog" */;
			buildPhases = (
				15DA266F251237D60063E236 /* Sources */,
				15DA2670251237D60063E236 /* Frameworks */,
				15DA2671251237D60063E236 /* Resources */,
			);
			buildRules = (
			);
			dependencies = (
			);
			name = iHog;
			productName = iHog;
			productReference = 15DA2673251237D60063E236 /* iHog.app */;
			productType = "com.apple.product-type.application";
		};
		15DA2688251237D70063E236 /* iHogTests */ = {
			isa = PBXNativeTarget;
			buildConfigurationList = 15DA26A0251237D70063E236 /* Build configuration list for PBXNativeTarget "iHogTests" */;
			buildPhases = (
				15DA2685251237D70063E236 /* Sources */,
				15DA2686251237D70063E236 /* Frameworks */,
				15DA2687251237D70063E236 /* Resources */,
			);
			buildRules = (
			);
			dependencies = (
				15DA268B251237D70063E236 /* PBXTargetDependency */,
			);
			name = iHogTests;
			productName = iHogTests;
			productReference = 15DA2689251237D70063E236 /* iHogTests.xctest */;
			productType = "com.apple.product-type.bundle.unit-test";
		};
		15DA2693251237D70063E236 /* iHogUITests */ = {
			isa = PBXNativeTarget;
			buildConfigurationList = 15DA26A3251237D70063E236 /* Build configuration list for PBXNativeTarget "iHogUITests" */;
			buildPhases = (
				15DA2690251237D70063E236 /* Sources */,
				15DA2691251237D70063E236 /* Frameworks */,
				15DA2692251237D70063E236 /* Resources */,
			);
			buildRules = (
			);
			dependencies = (
				15DA2696251237D70063E236 /* PBXTargetDependency */,
			);
			name = iHogUITests;
			productName = iHogUITests;
			productReference = 15DA2694251237D70063E236 /* iHogUITests.xctest */;
			productType = "com.apple.product-type.bundle.ui-testing";
		};
/* End PBXNativeTarget section */

/* Begin PBXProject section */
		15DA266B251237D60063E236 /* Project object */ = {
			isa = PBXProject;
			attributes = {
				LastSwiftUpdateCheck = 1200;
				LastUpgradeCheck = 1200;
				TargetAttributes = {
					15DA2672251237D60063E236 = {
						CreatedOnToolsVersion = 12.0;
					};
					15DA2688251237D70063E236 = {
						CreatedOnToolsVersion = 12.0;
						TestTargetID = 15DA2672251237D60063E236;
					};
					15DA2693251237D70063E236 = {
						CreatedOnToolsVersion = 12.0;
						TestTargetID = 15DA2672251237D60063E236;
					};
				};
			};
			buildConfigurationList = 15DA266E251237D60063E236 /* Build configuration list for PBXProject "iHog" */;
			compatibilityVersion = "Xcode 9.3";
			developmentRegion = en;
			hasScannedForEncodings = 0;
			knownRegions = (
				en,
				Base,
			);
			mainGroup = 15DA266A251237D60063E236;
			productRefGroup = 15DA2674251237D60063E236 /* Products */;
			projectDirPath = "";
			projectRoot = "";
			targets = (
				15DA2672251237D60063E236 /* iHog */,
				15DA2688251237D70063E236 /* iHogTests */,
				15DA2693251237D70063E236 /* iHogUITests */,
			);
		};
/* End PBXProject section */

/* Begin PBXResourcesBuildPhase section */
		15DA2671251237D60063E236 /* Resources */ = {
			isa = PBXResourcesBuildPhase;
			buildActionMask = 2147483647;
			files = (
				15DA267E251237D70063E236 /* Preview Assets.xcassets in Resources */,
				15DA267B251237D70063E236 /* Assets.xcassets in Resources */,
			);
			runOnlyForDeploymentPostprocessing = 0;
		};
		15DA2687251237D70063E236 /* Resources */ = {
			isa = PBXResourcesBuildPhase;
			buildActionMask = 2147483647;
			files = (
			);
			runOnlyForDeploymentPostprocessing = 0;
		};
		15DA2692251237D70063E236 /* Resources */ = {
			isa = PBXResourcesBuildPhase;
			buildActionMask = 2147483647;
			files = (
			);
			runOnlyForDeploymentPostprocessing = 0;
		};
/* End PBXResourcesBuildPhase section */

/* Begin PBXSourcesBuildPhase section */
		15DA266F251237D60063E236 /* Sources */ = {
			isa = PBXSourcesBuildPhase;
			buildActionMask = 2147483647;
			files = (
				15DA2683251237D70063E236 /* iHog.xcdatamodeld in Sources */,
				15DA2680251237D70063E236 /* Persistence.swift in Sources */,
				15DA2679251237D60063E236 /* ContentView.swift in Sources */,
				15DA2677251237D60063E236 /* iHogApp.swift in Sources */,
			);
			runOnlyForDeploymentPostprocessing = 0;
		};
		15DA2685251237D70063E236 /* Sources */ = {
			isa = PBXSourcesBuildPhase;
			buildActionMask = 2147483647;
			files = (
				15DA268E251237D70063E236 /* iHogTests.swift in Sources */,
			);
			runOnlyForDeploymentPostprocessing = 0;
		};
		15DA2690251237D70063E236 /* Sources */ = {
			isa = PBXSourcesBuildPhase;
			buildActionMask = 2147483647;
			files = (
				15DA2699251237D70063E236 /* iHogUITests.swift in Sources */,
			);
			runOnlyForDeploymentPostprocessing = 0;
		};
/* End PBXSourcesBuildPhase section */

/* Begin PBXTargetDependency section */
		15DA268B251237D70063E236 /* PBXTargetDependency */ = {
			isa = PBXTargetDependency;
			target = 15DA2672251237D60063E236 /* iHog */;
			targetProxy = 15DA268A251237D70063E236 /* PBXContainerItemProxy */;
		};
		15DA2696251237D70063E236 /* PBXTargetDependency */ = {
			isa = PBXTargetDependency;
			target = 15DA2672251237D60063E236 /* iHog */;
			targetProxy = 15DA2695251237D70063E236 /* PBXContainerItemProxy */;
		};
/* End PBXTargetDependency section */

/* Begin XCBuildConfiguration section */
		15DA269B251237D70063E236 /* Debug */ = {
			isa = XCBuildConfiguration;
			buildSettings = {
				ALWAYS_SEARCH_USER_PATHS = NO;
				CLANG_ANALYZER_NONNULL = YES;
				CLANG_ANALYZER_NUMBER_OBJECT_CONVERSION = YES_AGGRESSIVE;
				CLANG_CXX_LANGUAGE_STANDARD = "gnu++14";
				CLANG_CXX_LIBRARY = "libc++";
				CLANG_ENABLE_MODULES = YES;
				CLANG_ENABLE_OBJC_ARC = YES;
				CLANG_ENABLE_OBJC_WEAK = YES;
				CLANG_WARN_BLOCK_CAPTURE_AUTORELEASING = YES;
				CLANG_WARN_BOOL_CONVERSION = YES;
				CLANG_WARN_COMMA = YES;
				CLANG_WARN_CONSTANT_CONVERSION = YES;
				CLANG_WARN_DEPRECATED_OBJC_IMPLEMENTATIONS = YES;
				CLANG_WARN_DIRECT_OBJC_ISA_USAGE = YES_ERROR;
				CLANG_WARN_DOCUMENTATION_COMMENTS = YES;
				CLANG_WARN_EMPTY_BODY = YES;
				CLANG_WARN_ENUM_CONVERSION = YES;
				CLANG_WARN_INFINITE_RECURSION = YES;
				CLANG_WARN_INT_CONVERSION = YES;
				CLANG_WARN_NON_LITERAL_NULL_CONVERSION = YES;
				CLANG_WARN_OBJC_IMPLICIT_RETAIN_SELF = YES;
				CLANG_WARN_OBJC_LITERAL_CONVERSION = YES;
				CLANG_WARN_OBJC_ROOT_CLASS = YES_ERROR;
				CLANG_WARN_QUOTED_INCLUDE_IN_FRAMEWORK_HEADER = YES;
				CLANG_WARN_RANGE_LOOP_ANALYSIS = YES;
				CLANG_WARN_STRICT_PROTOTYPES = YES;
				CLANG_WARN_SUSPICIOUS_MOVE = YES;
				CLANG_WARN_UNGUARDED_AVAILABILITY = YES_AGGRESSIVE;
				CLANG_WARN_UNREACHABLE_CODE = YES;
				CLANG_WARN__DUPLICATE_METHOD_MATCH = YES;
				COPY_PHASE_STRIP = NO;
				DEBUG_INFORMATION_FORMAT = dwarf;
				ENABLE_STRICT_OBJC_MSGSEND = YES;
				ENABLE_TESTABILITY = YES;
				GCC_C_LANGUAGE_STANDARD = gnu11;
				GCC_DYNAMIC_NO_PIC = NO;
				GCC_NO_COMMON_BLOCKS = YES;
				GCC_OPTIMIZATION_LEVEL = 0;
				GCC_PREPROCESSOR_DEFINITIONS = (
					"DEBUG=1",
					"$(inherited)",
				);
				GCC_WARN_64_TO_32_BIT_CONVERSION = YES;
				GCC_WARN_ABOUT_RETURN_TYPE = YES_ERROR;
				GCC_WARN_UNDECLARED_SELECTOR = YES;
				GCC_WARN_UNINITIALIZED_AUTOS = YES_AGGRESSIVE;
				GCC_WARN_UNUSED_FUNCTION = YES;
				GCC_WARN_UNUSED_VARIABLE = YES;
				IPHONEOS_DEPLOYMENT_TARGET = 14.0;
				MTL_ENABLE_DEBUG_INFO = INCLUDE_SOURCE;
				MTL_FAST_MATH = YES;
				ONLY_ACTIVE_ARCH = YES;
				SDKROOT = iphoneos;
				SWIFT_ACTIVE_COMPILATION_CONDITIONS = DEBUG;
				SWIFT_OPTIMIZATION_LEVEL = "-Onone";
			};
			name = Debug;
		};
		15DA269C251237D70063E236 /* Release */ = {
			isa = XCBuildConfiguration;
			buildSettings = {
				ALWAYS_SEARCH_USER_PATHS = NO;
				CLANG_ANALYZER_NONNULL = YES;
				CLANG_ANALYZER_NUMBER_OBJECT_CONVERSION = YES_AGGRESSIVE;
				CLANG_CXX_LANGUAGE_STANDARD = "gnu++14";
				CLANG_CXX_LIBRARY = "libc++";
				CLANG_ENABLE_MODULES = YES;
				CLANG_ENABLE_OBJC_ARC = YES;
				CLANG_ENABLE_OBJC_WEAK = YES;
				CLANG_WARN_BLOCK_CAPTURE_AUTORELEASING = YES;
				CLANG_WARN_BOOL_CONVERSION = YES;
				CLANG_WARN_COMMA = YES;
				CLANG_WARN_CONSTANT_CONVERSION = YES;
				CLANG_WARN_DEPRECATED_OBJC_IMPLEMENTATIONS = YES;
				CLANG_WARN_DIRECT_OBJC_ISA_USAGE = YES_ERROR;
				CLANG_WARN_DOCUMENTATION_COMMENTS = YES;
				CLANG_WARN_EMPTY_BODY = YES;
				CLANG_WARN_ENUM_CONVERSION = YES;
				CLANG_WARN_INFINITE_RECURSION = YES;
				CLANG_WARN_INT_CONVERSION = YES;
				CLANG_WARN_NON_LITERAL_NULL_CONVERSION = YES;
				CLANG_WARN_OBJC_IMPLICIT_RETAIN_SELF = YES;
				CLANG_WARN_OBJC_LITERAL_CONVERSION = YES;
				CLANG_WARN_OBJC_ROOT_CLASS = YES_ERROR;
				CLANG_WARN_QUOTED_INCLUDE_IN_FRAMEWORK_HEADER = YES;
				CLANG_WARN_RANGE_LOOP_ANALYSIS = YES;
				CLANG_WARN_STRICT_PROTOTYPES = YES;
				CLANG_WARN_SUSPICIOUS_MOVE = YES;
				CLANG_WARN_UNGUARDED_AVAILABILITY = YES_AGGRESSIVE;
				CLANG_WARN_UNREACHABLE_CODE = YES;
				CLANG_WARN__DUPLICATE_METHOD_MATCH = YES;
				COPY_PHASE_STRIP = NO;
				DEBUG_INFORMATION_FORMAT = "dwarf-with-dsym";
				ENABLE_NS_ASSERTIONS = NO;
				ENABLE_STRICT_OBJC_MSGSEND = YES;
				GCC_C_LANGUAGE_STANDARD = gnu11;
				GCC_NO_COMMON_BLOCKS = YES;
				GCC_WARN_64_TO_32_BIT_CONVERSION = YES;
				GCC_WARN_ABOUT_RETURN_TYPE = YES_ERROR;
				GCC_WARN_UNDECLARED_SELECTOR = YES;
				GCC_WARN_UNINITIALIZED_AUTOS = YES_AGGRESSIVE;
				GCC_WARN_UNUSED_FUNCTION = YES;
				GCC_WARN_UNUSED_VARIABLE = YES;
				IPHONEOS_DEPLOYMENT_TARGET = 14.0;
				MTL_ENABLE_DEBUG_INFO = NO;
				MTL_FAST_MATH = YES;
				SDKROOT = iphoneos;
				SWIFT_COMPILATION_MODE = wholemodule;
				SWIFT_OPTIMIZATION_LEVEL = "-O";
				VALIDATE_PRODUCT = YES;
			};
			name = Release;
		};
		15DA269E251237D70063E236 /* Debug */ = {
			isa = XCBuildConfiguration;
			buildSettings = {
				ASSETCATALOG_COMPILER_APPICON_NAME = AppIcon;
				ASSETCATALOG_COMPILER_GLOBAL_ACCENT_COLOR_NAME = AccentColor;
				CODE_SIGN_STYLE = Automatic;
				DEVELOPMENT_ASSET_PATHS = "\"iHog/Preview Content\"";
				DEVELOPMENT_TEAM = ZDK82FGR3Z;
				ENABLE_PREVIEWS = YES;
				INFOPLIST_FILE = iHog/Info.plist;
				IPHONEOS_DEPLOYMENT_TARGET = 14.0;
				LD_RUNPATH_SEARCH_PATHS = (
					"$(inherited)",
					"@executable_path/Frameworks",
				);
				PRODUCT_BUNDLE_IDENTIFIER = com.appsbymw.iHog;
				PRODUCT_NAME = "$(TARGET_NAME)";
				SWIFT_VERSION = 5.0;
				TARGETED_DEVICE_FAMILY = "1,2";
			};
			name = Debug;
		};
		15DA269F251237D70063E236 /* Release */ = {
			isa = XCBuildConfiguration;
			buildSettings = {
				ASSETCATALOG_COMPILER_APPICON_NAME = AppIcon;
				ASSETCATALOG_COMPILER_GLOBAL_ACCENT_COLOR_NAME = AccentColor;
				CODE_SIGN_STYLE = Automatic;
				DEVELOPMENT_ASSET_PATHS = "\"iHog/Preview Content\"";
				DEVELOPMENT_TEAM = ZDK82FGR3Z;
				ENABLE_PREVIEWS = YES;
				INFOPLIST_FILE = iHog/Info.plist;
				IPHONEOS_DEPLOYMENT_TARGET = 14.0;
				LD_RUNPATH_SEARCH_PATHS = (
					"$(inherited)",
					"@executable_path/Frameworks",
				);
				PRODUCT_BUNDLE_IDENTIFIER = com.appsbymw.iHog;
				PRODUCT_NAME = "$(TARGET_NAME)";
				SWIFT_VERSION = 5.0;
				TARGETED_DEVICE_FAMILY = "1,2";
			};
			name = Release;
		};
		15DA26A1251237D70063E236 /* Debug */ = {
			isa = XCBuildConfiguration;
			buildSettings = {
				ALWAYS_EMBED_SWIFT_STANDARD_LIBRARIES = YES;
				BUNDLE_LOADER = "$(TEST_HOST)";
				CODE_SIGN_STYLE = Automatic;
				DEVELOPMENT_TEAM = ZDK82FGR3Z;
				INFOPLIST_FILE = iHogTests/Info.plist;
				IPHONEOS_DEPLOYMENT_TARGET = 14.0;
				LD_RUNPATH_SEARCH_PATHS = (
					"$(inherited)",
					"@executable_path/Frameworks",
					"@loader_path/Frameworks",
				);
				PRODUCT_BUNDLE_IDENTIFIER = com.appsbymw.iHogTests;
				PRODUCT_NAME = "$(TARGET_NAME)";
				SWIFT_VERSION = 5.0;
				TARGETED_DEVICE_FAMILY = "1,2";
				TEST_HOST = "$(BUILT_PRODUCTS_DIR)/iHog.app/iHog";
			};
			name = Debug;
		};
		15DA26A2251237D70063E236 /* Release */ = {
			isa = XCBuildConfiguration;
			buildSettings = {
				ALWAYS_EMBED_SWIFT_STANDARD_LIBRARIES = YES;
				BUNDLE_LOADER = "$(TEST_HOST)";
				CODE_SIGN_STYLE = Automatic;
				DEVELOPMENT_TEAM = ZDK82FGR3Z;
				INFOPLIST_FILE = iHogTests/Info.plist;
				IPHONEOS_DEPLOYMENT_TARGET = 14.0;
				LD_RUNPATH_SEARCH_PATHS = (
					"$(inherited)",
					"@executable_path/Frameworks",
					"@loader_path/Frameworks",
				);
				PRODUCT_BUNDLE_IDENTIFIER = com.appsbymw.iHogTests;
				PRODUCT_NAME = "$(TARGET_NAME)";
				SWIFT_VERSION = 5.0;
				TARGETED_DEVICE_FAMILY = "1,2";
				TEST_HOST = "$(BUILT_PRODUCTS_DIR)/iHog.app/iHog";
			};
			name = Release;
		};
		15DA26A4251237D70063E236 /* Debug */ = {
			isa = XCBuildConfiguration;
			buildSettings = {
				ALWAYS_EMBED_SWIFT_STANDARD_LIBRARIES = YES;
				CODE_SIGN_STYLE = Automatic;
				DEVELOPMENT_TEAM = ZDK82FGR3Z;
				INFOPLIST_FILE = iHogUITests/Info.plist;
				LD_RUNPATH_SEARCH_PATHS = (
					"$(inherited)",
					"@executable_path/Frameworks",
					"@loader_path/Frameworks",
				);
				PRODUCT_BUNDLE_IDENTIFIER = com.appsbymw.iHogUITests;
				PRODUCT_NAME = "$(TARGET_NAME)";
				SWIFT_VERSION = 5.0;
				TARGETED_DEVICE_FAMILY = "1,2";
				TEST_TARGET_NAME = iHog;
			};
			name = Debug;
		};
		15DA26A5251237D70063E236 /* Release */ = {
			isa = XCBuildConfiguration;
			buildSettings = {
				ALWAYS_EMBED_SWIFT_STANDARD_LIBRARIES = YES;
				CODE_SIGN_STYLE = Automatic;
				DEVELOPMENT_TEAM = ZDK82FGR3Z;
				INFOPLIST_FILE = iHogUITests/Info.plist;
				LD_RUNPATH_SEARCH_PATHS = (
					"$(inherited)",
					"@executable_path/Frameworks",
					"@loader_path/Frameworks",
				);
				PRODUCT_BUNDLE_IDENTIFIER = com.appsbymw.iHogUITests;
				PRODUCT_NAME = "$(TARGET_NAME)";
				SWIFT_VERSION = 5.0;
				TARGETED_DEVICE_FAMILY = "1,2";
				TEST_TARGET_NAME = iHog;
			};
			name = Release;
		};
/* End XCBuildConfiguration section */

/* Begin XCConfigurationList section */
		15DA266E251237D60063E236 /* Build configuration list for PBXProject "iHog" */ = {
			isa = XCConfigurationList;
			buildConfigurations = (
				15DA269B251237D70063E236 /* Debug */,
				15DA269C251237D70063E236 /* Release */,
			);
			defaultConfigurationIsVisible = 0;
			defaultConfigurationName = Release;
		};
		15DA269D251237D70063E236 /* Build configuration list for PBXNativeTarget "iHog" */ = {
			isa = XCConfigurationList;
			buildConfigurations = (
				15DA269E251237D70063E236 /* Debug */,
				15DA269F251237D70063E236 /* Release */,
			);
			defaultConfigurationIsVisible = 0;
			defaultConfigurationName = Release;
		};
		15DA26A0251237D70063E236 /* Build configuration list for PBXNativeTarget "iHogTests" */ = {
			isa = XCConfigurationList;
			buildConfigurations = (
				15DA26A1251237D70063E236 /* Debug */,
				15DA26A2251237D70063E236 /* Release */,
			);
			defaultConfigurationIsVisible = 0;
			defaultConfigurationName = Release;
		};
		15DA26A3251237D70063E236 /* Build configuration list for PBXNativeTarget "iHogUITests" */ = {
			isa = XCConfigurationList;
			buildConfigurations = (
				15DA26A4251237D70063E236 /* Debug */,
				15DA26A5251237D70063E236 /* Release */,
			);
			defaultConfigurationIsVisible = 0;
			defaultConfigurationName = Release;
		};
/* End XCConfigurationList section */

/* Begin XCVersionGroup section */
		15DA2681251237D70063E236 /* iHog.xcdatamodeld */ = {
			isa = XCVersionGroup;
			children = (
				15DA2682251237D70063E236 /* iHog.xcdatamodel */,
			);
			currentVersion = 15DA2682251237D70063E236 /* iHog.xcdatamodel */;
			path = iHog.xcdatamodeld;
			sourceTree = "<group>";
			versionGroupType = wrapper.xcdatamodel;
		};
/* End XCVersionGroup section */
	};
	rootObject = 15DA266B251237D60063E236 /* Project object */;
}
